<?xml version="1.0" encoding="utf-8"?>
<Project ToolsVersion="4.0" xmlns="http://schemas.microsoft.com/developer/msbuild/2003">
  <ItemGroup>
    <Filter Include="Source Files">
      <UniqueIdentifier>{4FC737F1-C7A5-4376-A066-2A32D752A2FF}</UniqueIdentifier>
      <Extensions>cpp;c;cc;cxx;c++;cppm;ixx;def;odl;idl;hpj;bat;asm;asmx</Extensions>
    </Filter>
    <Filter Include="Header Files">
      <UniqueIdentifier>{93995380-89BD-4b04-88EB-625FBE52EBFB}</UniqueIdentifier>
      <Extensions>h;hh;hpp;hxx;h++;hm;inl;inc;ipp;xsd</Extensions>
    </Filter>
    <Filter Include="Resource Files">
      <UniqueIdentifier>{67DA6AB6-F800-4c08-8B7A-83BB121AAD01}</UniqueIdentifier>
      <Extensions>rc;ico;cur;bmp;dlg;rc2;rct;bin;rgs;gif;jpg;jpeg;jpe;resx;tiff;tif;png;wav;mfcribbon-ms</Extensions>
    </Filter>
    <Filter Include="Header Files\include">
      <UniqueIdentifier>{2201767f-cda5-4e7a-baa6-10c6007271fb}</UniqueIdentifier>
    </Filter>
    <Filter Include="Header Files\include\minhook">
      <UniqueIdentifier>{a61214da-5c63-41c3-b2c0-0fae82eacdfa}</UniqueIdentifier>
    </Filter>
    <Filter Include="Header Files\include\minhook\hde">
      <UniqueIdentifier>{8080c4eb-9c85-4457-a7c3-7ef86178268e}</UniqueIdentifier>
    </Filter>
    <Filter Include="Header Files\include\imgui">
      <UniqueIdentifier>{641c39c1-aa2b-4ec0-9c8c-237ff5a7841b}</UniqueIdentifier>
    </Filter>
    <Filter Include="Source Files\include">
      <UniqueIdentifier>{f5818e6d-d35a-4333-b523-e0b8cc922d5b}</UniqueIdentifier>
    </Filter>
    <Filter Include="Source Files\include\imgui">
      <UniqueIdentifier>{a19a8d91-e917-460f-9afd-d9459b4ab71e}</UniqueIdentifier>
    </Filter>
    <Filter Include="Source Files\include\minhook">
      <UniqueIdentifier>{0a29adad-42d5-4b0a-928e-e75d3e6cf27f}</UniqueIdentifier>
    </Filter>
    <Filter Include="Source Files\include\minhook\hde">
      <UniqueIdentifier>{9c27c2e6-b9df-4e6d-adef-15b899979a5b}</UniqueIdentifier>
    </Filter>
  </ItemGroup>
  <ItemGroup>
    <ClInclude Include="includes.h">
      <Filter>Header Files</Filter>
    </ClInclude>
    <ClInclude Include="hooks.h">
      <Filter>Header Files</Filter>
    </ClInclude>
    <ClInclude Include="gui.h">
      <Filter>Header Files</Filter>
    </ClInclude>
    <ClInclude Include="memory.h">
      <Filter>Header Files</Filter>
    </ClInclude>
    <ClInclude Include="variables.h">
      <Filter>Header Files</Filter>
    </ClInclude>
    <ClInclude Include="config.h">
      <Filter>Header Files</Filter>
    </ClInclude>
    <ClInclude Include="color.h">
      <Filter>Header Files</Filter>
    </ClInclude>
    <ClInclude Include="FnvHash.h">
      <Filter>Header Files\include</Filter>
    </ClInclude>
    <ClInclude Include="base64.h">
      <Filter>Header Files\include</Filter>
    </ClInclude>
    <ClInclude Include="xorstr.h">
      <Filter>Header Files\include</Filter>
    </ClInclude>
    <ClInclude Include="imstb_truetype.h">
      <Filter>Header Files\include\imgui</Filter>
    </ClInclude>
    <ClInclude Include="imgui.h">
      <Filter>Header Files\include\imgui</Filter>
    </ClInclude>
    <ClInclude Include="imgui_impl_dx9.h">
      <Filter>Header Files\include\imgui</Filter>
    </ClInclude>
    <ClInclude Include="imgui_impl_win32.h">
      <Filter>Header Files\include\imgui</Filter>
    </ClInclude>
    <ClInclude Include="imgui_internal.h">
      <Filter>Header Files\include\imgui</Filter>
    </ClInclude>
    <ClInclude Include="imstb_rectpack.h">
      <Filter>Header Files\include\imgui</Filter>
    </ClInclude>
    <ClInclude Include="imstb_textedit.h">
      <Filter>Header Files\include\imgui</Filter>
    </ClInclude>
    <ClInclude Include="imconfig.h">
      <Filter>Header Files\include\imgui</Filter>
    </ClInclude>
    <ClInclude Include="buffer.h">
      <Filter>Header Files\include\minhook\hde</Filter>
    </ClInclude>
    <ClInclude Include="hde64.h">
      <Filter>Header Files\include\minhook\hde</Filter>
    </ClInclude>
    <ClInclude Include="hde32.h">
      <Filter>Header Files\include\minhook\hde</Filter>
    </ClInclude>
    <ClInclude Include="json.h">
      <Filter>Header Files\include</Filter>
    </ClInclude>
    <ClInclude Include="table64.h">
      <Filter>Header Files\include\minhook\hde</Filter>
    </ClInclude>
    <ClInclude Include="table32.h">
      <Filter>Header Files\include\minhook\hde</Filter>
    </ClInclude>
    <ClInclude Include="pstdint.h">
      <Filter>Header Files\include\minhook\hde</Filter>
    </ClInclude>
    <ClInclude Include="MinHook.h">
      <Filter>Header Files\include\minhook</Filter>
    </ClInclude>
    <ClInclude Include="trampoline.h">
      <Filter>Header Files\include\minhook</Filter>
    </ClInclude>
    <ClInclude Include="address.h">
      <Filter>Header Files</Filter>
    </ClInclude>
    <ClInclude Include="typedef.h">
      <Filter>Header Files</Filter>
    </ClInclude>
    <ClInclude Include="logging.h">
      <Filter>Header Files</Filter>
    </ClInclude>
  </ItemGroup>
  <ItemGroup>
    <ClCompile Include="dllmain.cpp">
      <Filter>Source Files</Filter>
    </ClCompile>
    <ClCompile Include="hooks.cpp">
      <Filter>Source Files</Filter>
    </ClCompile>
    <ClCompile Include="gui.cpp">
      <Filter>Source Files</Filter>
    </ClCompile>
    <ClCompile Include="memory.cpp">
      <Filter>Source Files</Filter>
    </ClCompile>
    <ClCompile Include="config.cpp">
      <Filter>Source Files</Filter>
    </ClCompile>
    <ClCompile Include="variables.cpp">
      <Filter>Source Files</Filter>
    </ClCompile>
    <ClCompile Include="buffer.c">
      <Filter>Source Files\include\minhook\hde</Filter>
    </ClCompile>
    <ClCompile Include="hde64.c">
      <Filter>Source Files\include\minhook\hde</Filter>
    </ClCompile>
    <ClCompile Include="hde32.c">
      <Filter>Source Files\include\minhook\hde</Filter>
    </ClCompile>
    <ClCompile Include="hook.c">
      <Filter>Source Files\include\minhook</Filter>
    </ClCompile>
    <ClCompile Include="trampoline.c">
      <Filter>Source Files\include\minhook</Filter>
    </ClCompile>
    <ClCompile Include="imgui_widgets.cpp">
      <Filter>Source Files\include\imgui</Filter>
    </ClCompile>
    <ClCompile Include="imgui.cpp">
      <Filter>Source Files\include\imgui</Filter>
    </ClCompile>
    <ClCompile Include="imgui_demo.cpp">
      <Filter>Source Files\include\imgui</Filter>
    </ClCompile>
    <ClCompile Include="imgui_draw.cpp">
      <Filter>Source Files\include\imgui</Filter>
    </ClCompile>
    <ClCompile Include="imgui_impl_dx9.cpp">
      <Filter>Source Files\include\imgui</Filter>
    </ClCompile>
    <ClCompile Include="imgui_impl_win32.cpp">
      <Filter>Source Files\include\imgui</Filter>
    </ClCompile>
    <ClCompile Include="imgui_tables.cpp">
      <Filter>Source Files\include\imgui</Filter>
    </ClCompile>
    <ClCompile Include="address.cpp">
      <Filter>Source Files</Filter>
    </ClCompile>
  </ItemGroup>
</Project>