<?xml version="1.0" encoding="utf-8"?>
<Project ToolsVersion="4.0" xmlns="http://schemas.microsoft.com/developer/msbuild/2003">
  <ItemGroup>
    <Filter Include="Source Files">
      <UniqueIdentifier>{4FC737F1-C7A5-4376-A066-2A32D752A2FF}</UniqueIdentifier>
      <Extensions>cpp;c;cc;cxx;c++;cppm;ixx;def;odl;idl;hpj;bat;asm;asmx</Extensions>
    </Filter>
    <Filter Include="Header Files">
      <UniqueIdentifier>{93995380-89BD-4b04-88EB-625FBE52EBFB}</UniqueIdentifier>
      <Extensions>h;hh;hpp;hxx;h++;hm;inl;inc;ipp;xsd</Extensions>
    </Filter>
    <Filter Include="Resource Files">
      <UniqueIdentifier>{67DA6AB6-F800-4c08-8B7A-83BB121AAD01}</UniqueIdentifier>
      <Extensions>rc;ico;cur;bmp;dlg;rc2;rct;bin;rgs;gif;jpg;jpeg;jpe;resx;tiff;tif;png;wav;mfcribbon-ms</Extensions>
    </Filter>
    <Filter Include="Header Files\include">
      <UniqueIdentifier>{2201767f-cda5-4e7a-baa6-10c6007271fb}</UniqueIdentifier>
    </Filter>
    <Filter Include="Header Files\include\minhook">
      <UniqueIdentifier>{a61214da-5c63-41c3-b2c0-0fae82eacdfa}</UniqueIdentifier>
    </Filter>
    <Filter Include="Header Files\include\minhook\hde">
      <UniqueIdentifier>{8080c4eb-9c85-4457-a7c3-7ef86178268e}</UniqueIdentifier>
    </Filter>
    <Filter Include="Header Files\include\imgui">
      <UniqueIdentifier>{641c39c1-aa2b-4ec0-9c8c-237ff5a7841b}</UniqueIdentifier>
    </Filter>
    <Filter Include="Source Files\include">
      <UniqueIdentifier>{f5818e6d-d35a-4333-b523-e0b8cc922d5b}</UniqueIdentifier>
    </Filter>
    <Filter Include="Source Files\include\imgui">
      <UniqueIdentifier>{a19a8d91-e917-460f-9afd-d9459b4ab71e}</UniqueIdentifier>
    </Filter>
    <Filter Include="Source Files\include\minhook">
      <UniqueIdentifier>{0a29adad-42d5-4b0a-928e-e75d3e6cf27f}</UniqueIdentifier>
    </Filter>
    <Filter Include="Source Files\include\minhook\hde">
      <UniqueIdentifier>{9c27c2e6-b9df-4e6d-adef-15b899979a5b}</UniqueIdentifier>
    </Filter>
    <Filter Include="Header Files\sdk">
      <UniqueIdentifier>{e0642e38-0ef0-4d91-b516-3cde94b08c0c}</UniqueIdentifier>
    </Filter>
    <Filter Include="Header Files\util">
      <UniqueIdentifier>{723009a8-a055-45fe-8607-8b50bfaafec8}</UniqueIdentifier>
    </Filter>
    <Filter Include="Header Files\util\contrib">
      <UniqueIdentifier>{5219b2e5-0cc6-4952-b06f-03baba3dd8f8}</UniqueIdentifier>
    </Filter>
    <Filter Include="Header Files\menu">
      <UniqueIdentifier>{d02debd0-d5d3-4ae3-80da-d3ef4daba6bd}</UniqueIdentifier>
    </Filter>
  </ItemGroup>
  <ItemGroup>
    <ClInclude Include="src\includes.h">
      <Filter>Header Files</Filter>
    </ClInclude>
    <ClInclude Include="src\hooks.h">
      <Filter>Header Files</Filter>
    </ClInclude>
    <ClInclude Include="src\gui.h">
      <Filter>Header Files</Filter>
    </ClInclude>
    <ClInclude Include="src\memory.h">
      <Filter>Header Files</Filter>
    </ClInclude>
    <ClInclude Include="src\variables.h">
      <Filter>Header Files</Filter>
    </ClInclude>
    <ClInclude Include="src\config.h">
      <Filter>Header Files</Filter>
    </ClInclude>
    <ClInclude Include="src\imstb_truetype.h">
      <Filter>Header Files\include\imgui</Filter>
    </ClInclude>
    <ClInclude Include="src\imgui.h">
      <Filter>Header Files\include\imgui</Filter>
    </ClInclude>
    <ClInclude Include="src\imgui_impl_dx9.h">
      <Filter>Header Files\include\imgui</Filter>
    </ClInclude>
    <ClInclude Include="src\imgui_impl_win32.h">
      <Filter>Header Files\include\imgui</Filter>
    </ClInclude>
    <ClInclude Include="src\imgui_internal.h">
      <Filter>Header Files\include\imgui</Filter>
    </ClInclude>
    <ClInclude Include="src\imstb_rectpack.h">
      <Filter>Header Files\include\imgui</Filter>
    </ClInclude>
    <ClInclude Include="src\imstb_textedit.h">
      <Filter>Header Files\include\imgui</Filter>
    </ClInclude>
    <ClInclude Include="src\imconfig.h">
      <Filter>Header Files\include\imgui</Filter>
    </ClInclude>
    <ClInclude Include="src\buffer.h">
      <Filter>Header Files\include\minhook\hde</Filter>
    </ClInclude>
    <ClInclude Include="src\hde64.h">
      <Filter>Header Files\include\minhook\hde</Filter>
    </ClInclude>
    <ClInclude Include="src\hde32.h">
      <Filter>Header Files\include\minhook\hde</Filter>
    </ClInclude>
    <ClInclude Include="src\table64.h">
      <Filter>Header Files\include\minhook\hde</Filter>
    </ClInclude>
    <ClInclude Include="src\table32.h">
      <Filter>Header Files\include\minhook\hde</Filter>
    </ClInclude>
    <ClInclude Include="src\pstdint.h">
      <Filter>Header Files\include\minhook\hde</Filter>
    </ClInclude>
    <ClInclude Include="src\MinHook.h">
      <Filter>Header Files\include\minhook</Filter>
    </ClInclude>
    <ClInclude Include="src\trampoline.h">
      <Filter>Header Files\include\minhook</Filter>
    </ClInclude>
    <ClInclude Include="src\memory2.h">
      <Filter>Header Files</Filter>
    </ClInclude>
    <ClInclude Include="src\typedef.h">
      <Filter>Header Files</Filter>
    </ClInclude>
    <ClInclude Include="src\logging.h">
      <Filter>Header Files</Filter>
    </ClInclude>
    <ClInclude Include="src\client.h">
      <Filter>Header Files</Filter>
    </ClInclude>
    <ClInclude Include="src\angle.h">
      <Filter>Header Files</Filter>
    </ClInclude>
    <ClInclude Include="src\math.h">
      <Filter>Header Files</Filter>
    </ClInclude>
    <ClInclude Include="src\json.h">
      <Filter>Header Files\util\contrib</Filter>
    </ClInclude>
    <ClInclude Include="src\xorstr.h">
      <Filter>Header Files\util</Filter>
    </ClInclude>
    <ClInclude Include="src\base64.h">
      <Filter>Header Files\util\contrib</Filter>
    </ClInclude>
    <ClInclude Include="src\FnvHash.h">
      <Filter>Header Files\util</Filter>
    </ClInclude>
    <ClInclude Include="src\basehandle.h">
      <Filter>Header Files\sdk</Filter>
    </ClInclude>
    <ClInclude Include="src\beams.h">
      <Filter>Header Files\sdk</Filter>
    </ClInclude>
    <ClInclude Include="src\clientclass.h">
      <Filter>Header Files\sdk</Filter>
    </ClInclude>
    <ClInclude Include="src\clientdll.h">
      <Filter>Header Files\sdk</Filter>
    </ClInclude>
    <ClInclude Include="src\clientmode.h">
      <Filter>Header Files\sdk</Filter>
    </ClInclude>
    <ClInclude Include="src\engineclient.h">
      <Filter>Header Files\sdk</Filter>
    </ClInclude>
    <ClInclude Include="src\entity.h">
      <Filter>Header Files\sdk</Filter>
    </ClInclude>
    <ClInclude Include="src\entlist.h">
      <Filter>Header Files\sdk</Filter>
    </ClInclude>
    <ClInclude Include="src\game.h">
      <Filter>Header Files\sdk</Filter>
    </ClInclude>
    <ClInclude Include="src\gameevents.h">
      <Filter>Header Files\sdk</Filter>
    </ClInclude>
    <ClInclude Include="src\gamerules.h">
      <Filter>Header Files\sdk</Filter>
    </ClInclude>
    <ClInclude Include="src\globalvars.h">
      <Filter>Header Files\sdk</Filter>
    </ClInclude>
    <ClInclude Include="src\trace.h">
      <Filter>Header Files\sdk</Filter>
    </ClInclude>
    <ClInclude Include="src\vector2.h">
      <Filter>Header Files\sdk</Filter>
    </ClInclude>
    <ClInclude Include="src\vector3.h">
      <Filter>Header Files\sdk</Filter>
    </ClInclude>
    <ClInclude Include="src\tinyformat.h">
      <Filter>Header Files\util\contrib</Filter>
    </ClInclude>
    <ClInclude Include="src\unique_vector.h">
      <Filter>Header Files\util</Filter>
    </ClInclude>
    <ClInclude Include="src\matrix.h">
      <Filter>Header Files\sdk</Filter>
    </ClInclude>
    <ClInclude Include="src\sdk.h">
      <Filter>Header Files\sdk</Filter>
    </ClInclude>
    <ClInclude Include="src\memalloc.h">
      <Filter>Header Files\sdk</Filter>
    </ClInclude>
    <ClInclude Include="src\util.h">
      <Filter>Header Files\util</Filter>
    </ClInclude>
    <ClInclude Include="src\address.h">
      <Filter>Header Files\util</Filter>
    </ClInclude>
    <ClInclude Include="src\csgo.h">
      <Filter>Header Files</Filter>
    </ClInclude>
    <ClInclude Include="src\winapir.h">
      <Filter>Header Files\util</Filter>
    </ClInclude>
    <ClInclude Include="src\glow.h">
      <Filter>Header Files\sdk</Filter>
    </ClInclude>
    <ClInclude Include="src\cvar.h">
      <Filter>Header Files\sdk</Filter>
    </ClInclude>
    <ClInclude Include="src\surface.h">
      <Filter>Header Files\sdk</Filter>
    </ClInclude>
    <ClInclude Include="src\matchframework.h">
      <Filter>Header Files\sdk</Filter>
    </ClInclude>
    <ClInclude Include="src\studio.h">
      <Filter>Header Files\sdk</Filter>
    </ClInclude>
    <ClInclude Include="src\studiorender.h">
      <Filter>Header Files\sdk</Filter>
    </ClInclude>
    <ClInclude Include="src\sound.h">
      <Filter>Header Files\sdk</Filter>
    </ClInclude>
    <ClInclude Include="src\prediction.h">
      <Filter>Header Files\sdk</Filter>
    </ClInclude>
    <ClInclude Include="src\input.h">
      <Filter>Header Files\sdk</Filter>
    </ClInclude>
    <ClInclude Include="src\localize.h">
      <Filter>Header Files\sdk</Filter>
    </ClInclude>
    <ClInclude Include="src\hud.h">
      <Filter>Header Files\sdk</Filter>
    </ClInclude>
    <ClInclude Include="src\datamap.h">
      <Filter>Header Files\sdk</Filter>
    </ClInclude>
    <ClInclude Include="src\networkstringtable.h">
      <Filter>Header Files\sdk</Filter>
    </ClInclude>
    <ClInclude Include="src\button.h">
      <Filter>Header Files\menu</Filter>
    </ClInclude>
    <ClInclude Include="src\callbacks.h">
      <Filter>Header Files\menu</Filter>
    </ClInclude>
    <ClInclude Include="src\checkbox.h">
      <Filter>Header Files\menu</Filter>
    </ClInclude>
    <ClInclude Include="src\colorpicker.h">
      <Filter>Header Files\menu</Filter>
    </ClInclude>
    <ClInclude Include="src\config_supremacy.h">
      <Filter>Header Files\menu</Filter>
    </ClInclude>
    <ClInclude Include="src\dropdown.h">
      <Filter>Header Files\menu</Filter>
    </ClInclude>
    <ClInclude Include="src\edit.h">
      <Filter>Header Files\menu</Filter>
    </ClInclude>
    <ClInclude Include="src\element.h">
      <Filter>Header Files\menu</Filter>
    </ClInclude>
    <ClInclude Include="src\form.h">
      <Filter>Header Files\menu</Filter>
    </ClInclude>
    <ClInclude Include="src\gui_supremacy.h">
      <Filter>Header Files\menu</Filter>
    </ClInclude>
    <ClInclude Include="src\keybind.h">
      <Filter>Header Files\menu</Filter>
    </ClInclude>
    <ClInclude Include="src\menu.h">
      <Filter>Header Files\menu</Filter>
    </ClInclude>
    <ClInclude Include="src\multidropdown.h">
      <Filter>Header Files\menu</Filter>
    </ClInclude>
    <ClInclude Include="src\slider.h">
      <Filter>Header Files\menu</Filter>
    </ClInclude>
    <ClInclude Include="src\tab.h">
      <Filter>Header Files\menu</Filter>
    </ClInclude>
    <ClInclude Include="src\hash.h">
      <Filter>Header Files\util</Filter>
    </ClInclude>
    <ClInclude Include="src\modules.h">
      <Filter>Header Files\util</Filter>
    </ClInclude>
    <ClInclude Include="src\nt.h">
      <Filter>Header Files\util</Filter>
    </ClInclude>
    <ClInclude Include="src\pattern.h">
      <Filter>Header Files\util</Filter>
    </ClInclude>
    <ClInclude Include="src\pe.h">
      <Filter>Header Files\util</Filter>
    </ClInclude>
    <ClInclude Include="src\stack.h">
      <Filter>Header Files\util</Filter>
    </ClInclude>
    <ClInclude Include="src\syscall.h">
      <Filter>Header Files\util</Filter>
    </ClInclude>
    <ClInclude Include="src\x86.h">
      <Filter>Header Files\util</Filter>
    </ClInclude>
    <ClInclude Include="src\vmt.h">
      <Filter>Header Files\util</Filter>
    </ClInclude>
    <ClInclude Include="src\interfaces.h">
      <Filter>Header Files</Filter>
    </ClInclude>
    <ClInclude Include="src\netvars.h">
      <Filter>Header Files</Filter>
    </ClInclude>
    <ClInclude Include="src\entoffsets.h">
      <Filter>Header Files</Filter>
    </ClInclude>
    <ClInclude Include="src\color.h">
      <Filter>Header Files</Filter>
    </ClInclude>
    <ClInclude Include="src\utlvector.h">
      <Filter>Header Files</Filter>
    </ClInclude>
    <ClInclude Include="src\resolver.h">
      <Filter>Header Files</Filter>
    </ClInclude>
    <ClInclude Include="src\hvh.h">
      <Filter>Header Files</Filter>
    </ClInclude>
  </ItemGroup>
  <ItemGroup>
    <ClCompile Include="src\dllmain.cpp">
      <Filter>Source Files</Filter>
    </ClCompile>
    <ClCompile Include="src\hooks.cpp">
      <Filter>Source Files</Filter>
    </ClCompile>
    <ClCompile Include="src\gui.cpp">
      <Filter>Source Files</Filter>
    </ClCompile>
    <ClCompile Include="src\memory.cpp">
      <Filter>Source Files</Filter>
    </ClCompile>
    <ClCompile Include="src\config.cpp">
      <Filter>Source Files</Filter>
    </ClCompile>
    <ClCompile Include="src\variables.cpp">
      <Filter>Source Files</Filter>
    </ClCompile>
    <ClCompile Include="src\buffer.c">
      <Filter>Source Files\include\minhook\hde</Filter>
    </ClCompile>
    <ClCompile Include="src\hde64.c">
      <Filter>Source Files\include\minhook\hde</Filter>
    </ClCompile>
    <ClCompile Include="src\hde32.c">
      <Filter>Source Files\include\minhook\hde</Filter>
    </ClCompile>
    <ClCompile Include="src\hook.c">
      <Filter>Source Files\include\minhook</Filter>
    </ClCompile>
    <ClCompile Include="src\trampoline.c">
      <Filter>Source Files\include\minhook</Filter>
    </ClCompile>
    <ClCompile Include="src\imgui_widgets.cpp">
      <Filter>Source Files\include\imgui</Filter>
    </ClCompile>
    <ClCompile Include="src\imgui.cpp">
      <Filter>Source Files\include\imgui</Filter>
    </ClCompile>
    <ClCompile Include="src\imgui_demo.cpp">
      <Filter>Source Files\include\imgui</Filter>
    </ClCompile>
    <ClCompile Include="src\imgui_draw.cpp">
      <Filter>Source Files\include\imgui</Filter>
    </ClCompile>
    <ClCompile Include="src\imgui_impl_dx9.cpp">
      <Filter>Source Files\include\imgui</Filter>
    </ClCompile>
    <ClCompile Include="src\imgui_impl_win32.cpp">
      <Filter>Source Files\include\imgui</Filter>
    </ClCompile>
    <ClCompile Include="src\imgui_tables.cpp">
      <Filter>Source Files\include\imgui</Filter>
    </ClCompile>
    <ClCompile Include="src\memory2.cpp">
      <Filter>Source Files</Filter>
    </ClCompile>
    <ClCompile Include="src\client.cpp">
      <Filter>Source Files</Filter>
    </ClCompile>
    <ClCompile Include="src\math.cpp">
      <Filter>Source Files</Filter>
    </ClCompile>
    <ClCompile Include="src\csgo.cpp">
      <Filter>Source Files</Filter>
    </ClCompile>
    <ClCompile Include="src\resolver.cpp">
      <Filter>Source Files</Filter>
    </ClCompile>
    <ClCompile Include="src\hvh.cpp">
      <Filter>Source Files</Filter>
    </ClCompile>
  </ItemGroup>
</Project>